{
  "name": "@georgios-drivas/devlens",
  "version": "1.2.1",
  "lockfileVersion": 3,
  "requires": true,
  "packages": {
    "": {
      "name": "@georgios-drivas/devlens",
      "version": "1.2.1",
      "license": "MIT",
      "dependencies": {
        "@georgios-drivas/devlens": "^1.2.1"
      },
      "bin": {
        "devlens": "bin/devlens"
      },
      "engines": {
        "node": ">=18"
      }
    },
    "node_modules/@georgios-drivas/devlens": {
      "version": "1.2.1",
      "resolved": "https://registry.npmjs.org/@georgios-drivas/devlens/-/devlens-1.2.1.tgz",
      "integrity": "sha512-1z90yOlK2TtZeEvZDHmyiWMgU++R09Y5mpxWLhQpldwR9UTK2D25tgUXC74h9zXH6O0Fgx8RKImdHfphmZxteg==",
      "bin": {
        "devlens": "bin/devlens"
      },
      "engines": {
        "node": ">=18"
      }
    }
  }
}
